
Microsoft Visual Studio Solution File, Format Version 12.00
# Visual Studio Version 17
VisualStudioVersion = 17.5.002.0
MinimumVisualStudioVersion = 10.0.40219.1
Project("{9A19103F-16F7-4668-BE54-9A1E7A4F7556}") = "ContosoPetsApplication", "ContosoPetsApplication\ContosoPetsApplication.csproj", "{24C6B7B7-5A8A-46FE-B68D-6F536BF623CF}"
EndProject
Project("{9A19103F-16F7-4668-BE54-9A1E7A4F7556}") = "MorocoPetsApplication", "MorocoPetsApplication\MorocoPetsApplication.csproj", "{3A0486EB-E687-43A2-A524-9DD964EEAE2D}"
EndProject
Project("{9A19103F-16F7-4668-BE54-9A1E7A4F7556}") = "ProjectOFCreatingProjects", "ProjectOFCreatingProjects\ProjectOFCreatingProjects.csproj", "{8E9073AF-656E-4C54-91FA-28D90FB10DC4}"
EndProject
Global
	GlobalSection(SolutionConfigurationPlatforms) = preSolution
		Debug|Any CPU = Debug|Any CPU
		Release|Any CPU = Release|Any CPU
	EndGlobalSection
	GlobalSection(ProjectConfigurationPlatforms) = postSolution
		{24C6B7B7-5A8A-46FE-B68D-6F536BF623CF}.Debug|Any CPU.ActiveCfg = Debug|Any CPU
		{24C6B7B7-5A8A-46FE-B68D-6F536BF623CF}.Debug|Any CPU.Build.0 = Debug|Any CPU
		{24C6B7B7-5A8A-46FE-B68D-6F536BF623CF}.Release|Any CPU.ActiveCfg = Release|Any CPU
		{24C6B7B7-5A8A-46FE-B68D-6F536BF623CF}.Release|Any CPU.Build.0 = Release|Any CPU
		{3A0486EB-E687-43A2-A524-9DD964EEAE2D}.Debug|Any CPU.ActiveCfg = Debug|Any CPU
		{3A0486EB-E687-43A2-A524-9DD964EEAE2D}.Debug|Any CPU.Build.0 = Debug|Any CPU
		{3A0486EB-E687-43A2-A524-9DD964EEAE2D}.Release|Any CPU.ActiveCfg = Release|Any CPU
		{3A0486EB-E687-43A2-A524-9DD964EEAE2D}.Release|Any CPU.Build.0 = Release|Any CPU
		{8E9073AF-656E-4C54-91FA-28D90FB10DC4}.Debug|Any CPU.ActiveCfg = Debug|Any CPU
		{8E9073AF-656E-4C54-91FA-28D90FB10DC4}.Debug|Any CPU.Build.0 = Debug|Any CPU
		{8E9073AF-656E-4C54-91FA-28D90FB10DC4}.Release|Any CPU.ActiveCfg = Release|Any CPU
		{8E9073AF-656E-4C54-91FA-28D90FB10DC4}.Release|Any CPU.Build.0 = Release|Any CPU
	EndGlobalSection
	GlobalSection(SolutionProperties) = preSolution
		HideSolutionNode = FALSE
	EndGlobalSection
	GlobalSection(ExtensibilityGlobals) = postSolution
		SolutionGuid = {60499BCA-E40A-45F3-89FA-EB14BA349564}
	EndGlobalSection
EndGlobal
